
Microsoft Visual Studio Solution File, Format Version 12.00
# Visual Studio Version 16
VisualStudioVersion = 16.0.31729.503
MinimumVisualStudioVersion = 10.0.40219.1
Project("{9A19103F-16F7-4668-BE54-9A1E7A4F7556}") = "Raluca_Drobut_ProiectMedii", "Raluca_Drobut_ProiectMedii\Raluca_Drobut_ProiectMedii.csproj", "{8E5692B3-456A-4D78-AA26-4DE808196D57}"
EndProject
Global
	GlobalSection(SolutionConfigurationPlatforms) = preSolution
		Debug|Any CPU = Debug|Any CPU
		Release|Any CPU = Release|Any CPU
	EndGlobalSection
	GlobalSection(ProjectConfigurationPlatforms) = postSolution
		{8E5692B3-456A-4D78-AA26-4DE808196D57}.Debug|Any CPU.ActiveCfg = Debug|Any CPU
		{8E5692B3-456A-4D78-AA26-4DE808196D57}.Debug|Any CPU.Build.0 = Debug|Any CPU
		{8E5692B3-456A-4D78-AA26-4DE808196D57}.Release|Any CPU.ActiveCfg = Release|Any CPU
		{8E5692B3-456A-4D78-AA26-4DE808196D57}.Release|Any CPU.Build.0 = Release|Any CPU
	EndGlobalSection
	GlobalSection(SolutionProperties) = preSolution
		HideSolutionNode = FALSE
	EndGlobalSection
	GlobalSection(ExtensibilityGlobals) = postSolution
		SolutionGuid = {D16E12D2-8333-4A69-9C1F-835FD95D979A}
	EndGlobalSection
EndGlobal
